
Microsoft Visual Studio Solution File, Format Version 12.00
# Visual Studio Version 17
VisualStudioVersion = 17.4.33122.133
MinimumVisualStudioVersion = 10.0.40219.1
Project("{FAE04EC0-301F-11D3-BF4B-00C04F79EFBC}") = "QuanLyKhoaCNTTUEF", "QuanLyKhoaCNTTUEF\QuanLyKhoaCNTTUEF.csproj", "{5C1861D9-8533-4CD7-ACB0-1A80FEC678FE}"
EndProject
Global
	GlobalSection(SolutionConfigurationPlatforms) = preSolution
		Debug|Any CPU = Debug|Any CPU
		Release|Any CPU = Release|Any CPU
	EndGlobalSection
	GlobalSection(ProjectConfigurationPlatforms) = postSolution
		{5C1861D9-8533-4CD7-ACB0-1A80FEC678FE}.Debug|Any CPU.ActiveCfg = Debug|Any CPU
		{5C1861D9-8533-4CD7-ACB0-1A80FEC678FE}.Debug|Any CPU.Build.0 = Debug|Any CPU
		{5C1861D9-8533-4CD7-ACB0-1A80FEC678FE}.Release|Any CPU.ActiveCfg = Release|Any CPU
		{5C1861D9-8533-4CD7-ACB0-1A80FEC678FE}.Release|Any CPU.Build.0 = Release|Any CPU
	EndGlobalSection
	GlobalSection(SolutionProperties) = preSolution
		HideSolutionNode = FALSE
	EndGlobalSection
	GlobalSection(ExtensibilityGlobals) = postSolution
		SolutionGuid = {EC6505D3-B637-47B6-84DD-887780240CB9}
	EndGlobalSection
EndGlobal
